
Microsoft Visual Studio Solution File, Format Version 12.00
# Visual Studio Version 17
VisualStudioVersion = 17.14.36327.8 d17.14
MinimumVisualStudioVersion = 10.0.40219.1
Project("{FAE04EC0-301F-11D3-BF4B-00C04F79EFBC}") = "AR-sculptures-API", "AR-sculptures-API\AR-sculptures-API.csproj", "{79A23A84-D50A-49D9-98EF-9C5101A83193}"
EndProject
Global
	GlobalSection(SolutionConfigurationPlatforms) = preSolution
		Debug|Any CPU = Debug|Any CPU
		Release|Any CPU = Release|Any CPU
	EndGlobalSection
	GlobalSection(ProjectConfigurationPlatforms) = postSolution
		{79A23A84-D50A-49D9-98EF-9C5101A83193}.Debug|Any CPU.ActiveCfg = Debug|Any CPU
		{79A23A84-D50A-49D9-98EF-9C5101A83193}.Debug|Any CPU.Build.0 = Debug|Any CPU
		{79A23A84-D50A-49D9-98EF-9C5101A83193}.Release|Any CPU.ActiveCfg = Release|Any CPU
		{79A23A84-D50A-49D9-98EF-9C5101A83193}.Release|Any CPU.Build.0 = Release|Any CPU
	EndGlobalSection
	GlobalSection(SolutionProperties) = preSolution
		HideSolutionNode = FALSE
	EndGlobalSection
	GlobalSection(ExtensibilityGlobals) = postSolution
		SolutionGuid = {1E4E036D-4D15-40BD-92B1-6DDD9986F6BD}
	EndGlobalSection
EndGlobal
